// !$*UTF8*$!
{
	archiveVersion = 1;
	classes = {
	};
	objectVersion = 56;
	objects = {

/* Begin PBXBuildFile section */
		A6BB3185294E0BAD008C29F8 /* SwiftToDoApp.swift in Sources */ = {isa = PBXBuildFile; fileRef = A6BB3184294E0BAD008C29F8 /* SwiftToDoApp.swift */; };
		A6BB3187294E0BAD008C29F8 /* ContentView.swift in Sources */ = {isa = PBXBuildFile; fileRef = A6BB3186294E0BAD008C29F8 /* ContentView.swift */; };
		A6BB3189294E0BAE008C29F8 /* Assets.xcassets in Resources */ = {isa = PBXBuildFile; fileRef = A6BB3188294E0BAE008C29F8 /* Assets.xcassets */; };
		A6BB318C294E0BAE008C29F8 /* Preview Assets.xcassets in Resources */ = {isa = PBXBuildFile; fileRef = A6BB318B294E0BAE008C29F8 /* Preview Assets.xcassets */; };
		A6BB318E294E0BAE008C29F8 /* Persistence.swift in Sources */ = {isa = PBXBuildFile; fileRef = A6BB318D294E0BAE008C29F8 /* Persistence.swift */; };
		A6BB3191294E0BAE008C29F8 /* SwiftToDo.xcdatamodeld in Sources */ = {isa = PBXBuildFile; fileRef = A6BB318F294E0BAE008C29F8 /* SwiftToDo.xcdatamodeld */; };
		A6BB319B294E0BAF008C29F8 /* SwiftToDoTests.swift in Sources */ = {isa = PBXBuildFile; fileRef = A6BB319A294E0BAF008C29F8 /* SwiftToDoTests.swift */; };
		A6BB31A5294E0BAF008C29F8 /* SwiftToDoUITests.swift in Sources */ = {isa = PBXBuildFile; fileRef = A6BB31A4294E0BAF008C29F8 /* SwiftToDoUITests.swift */; };
		A6BB31A7294E0BAF008C29F8 /* SwiftToDoUITestsLaunchTests.swift in Sources */ = {isa = PBXBuildFile; fileRef = A6BB31A6294E0BAF008C29F8 /* SwiftToDoUITestsLaunchTests.swift */; };
/* End PBXBuildFile section */

/* Begin PBXContainerItemProxy section */
		A6BB3197294E0BAF008C29F8 /* PBXContainerItemProxy */ = {
			isa = PBXContainerItemProxy;
			containerPortal = A6BB3179294E0BAD008C29F8 /* Project object */;
			proxyType = 1;
			remoteGlobalIDString = A6BB3180294E0BAD008C29F8;
			remoteInfo = SwiftToDo;
		};
		A6BB31A1294E0BAF008C29F8 /* PBXContainerItemProxy */ = {
			isa = PBXContainerItemProxy;
			containerPortal = A6BB3179294E0BAD008C29F8 /* Project object */;
			proxyType = 1;
			remoteGlobalIDString = A6BB3180294E0BAD008C29F8;
			remoteInfo = SwiftToDo;
		};
/* End PBXContainerItemProxy section */

/* Begin PBXFileReference section */
		A6BB3181294E0BAD008C29F8 /* SwiftToDo.app */ = {isa = PBXFileReference; explicitFileType = wrapper.application; includeInIndex = 0; path = SwiftToDo.app; sourceTree = BUILT_PRODUCTS_DIR; };
		A6BB3184294E0BAD008C29F8 /* SwiftToDoApp.swift */ = {isa = PBXFileReference; lastKnownFileType = sourcecode.swift; path = SwiftToDoApp.swift; sourceTree = "<group>"; };
		A6BB3186294E0BAD008C29F8 /* ContentView.swift */ = {isa = PBXFileReference; lastKnownFileType = sourcecode.swift; path = ContentView.swift; sourceTree = "<group>"; };
		A6BB3188294E0BAE008C29F8 /* Assets.xcassets */ = {isa = PBXFileReference; lastKnownFileType = folder.assetcatalog; path = Assets.xcassets; sourceTree = "<group>"; };
		A6BB318B294E0BAE008C29F8 /* Preview Assets.xcassets */ = {isa = PBXFileReference; lastKnownFileType = folder.assetcatalog; path = "Preview Assets.xcassets"; sourceTree = "<group>"; };
		A6BB318D294E0BAE008C29F8 /* Persistence.swift */ = {isa = PBXFileReference; lastKnownFileType = sourcecode.swift; path = Persistence.swift; sourceTree = "<group>"; };
		A6BB3190294E0BAE008C29F8 /* SwiftToDo.xcdatamodel */ = {isa = PBXFileReference; lastKnownFileType = wrapper.xcdatamodel; path = SwiftToDo.xcdatamodel; sourceTree = "<group>"; };
		A6BB3196294E0BAF008C29F8 /* SwiftToDoTests.xctest */ = {isa = PBXFileReference; explicitFileType = wrapper.cfbundle; includeInIndex = 0; path = SwiftToDoTests.xctest; sourceTree = BUILT_PRODUCTS_DIR; };
		A6BB319A294E0BAF008C29F8 /* SwiftToDoTests.swift */ = {isa = PBXFileReference; lastKnownFileType = sourcecode.swift; path = SwiftToDoTests.swift; sourceTree = "<group>"; };
		A6BB31A0294E0BAF008C29F8 /* SwiftToDoUITests.xctest */ = {isa = PBXFileReference; explicitFileType = wrapper.cfbundle; includeInIndex = 0; path = SwiftToDoUITests.xctest; sourceTree = BUILT_PRODUCTS_DIR; };
		A6BB31A4294E0BAF008C29F8 /* SwiftToDoUITests.swift */ = {isa = PBXFileReference; lastKnownFileType = sourcecode.swift; path = SwiftToDoUITests.swift; sourceTree = "<group>"; };
		A6BB31A6294E0BAF008C29F8 /* SwiftToDoUITestsLaunchTests.swift */ = {isa = PBXFileReference; lastKnownFileType = sourcecode.swift; path = SwiftToDoUITestsLaunchTests.swift; sourceTree = "<group>"; };
/* End PBXFileReference section */

/* Begin PBXFrameworksBuildPhase section */
		A6BB317E294E0BAD008C29F8 /* Frameworks */ = {
			isa = PBXFrameworksBuildPhase;
			buildActionMask = 2147483647;
			files = (
			);
			runOnlyForDeploymentPostprocessing = 0;
		};
		A6BB3193294E0BAF008C29F8 /* Frameworks */ = {
			isa = PBXFrameworksBuildPhase;
			buildActionMask = 2147483647;
			files = (
			);
			runOnlyForDeploymentPostprocessing = 0;
		};
		A6BB319D294E0BAF008C29F8 /* Frameworks */ = {
			isa = PBXFrameworksBuildPhase;
			buildActionMask = 2147483647;
			files = (
			);
			runOnlyForDeploymentPostprocessing = 0;
		};
/* End PBXFrameworksBuildPhase section */

/* Begin PBXGroup section */
		A6BB3178294E0BAD008C29F8 = {
			isa = PBXGroup;
			children = (
				A6BB3183294E0BAD008C29F8 /* SwiftToDo */,
				A6BB3199294E0BAF008C29F8 /* SwiftToDoTests */,
				A6BB31A3294E0BAF008C29F8 /* SwiftToDoUITests */,
				A6BB3182294E0BAD008C29F8 /* Products */,
			);
			sourceTree = "<group>";
		};
		A6BB3182294E0BAD008C29F8 /* Products */ = {
			isa = PBXGroup;
			children = (
				A6BB3181294E0BAD008C29F8 /* SwiftToDo.app */,
				A6BB3196294E0BAF008C29F8 /* SwiftToDoTests.xctest */,
				A6BB31A0294E0BAF008C29F8 /* SwiftToDoUITests.xctest */,
			);
			name = Products;
			sourceTree = "<group>";
		};
		A6BB3183294E0BAD008C29F8 /* SwiftToDo */ = {
			isa = PBXGroup;
			children = (
				A6BB3184294E0BAD008C29F8 /* SwiftToDoApp.swift */,
				A6BB3186294E0BAD008C29F8 /* ContentView.swift */,
				A6BB3188294E0BAE008C29F8 /* Assets.xcassets */,
				A6BB318D294E0BAE008C29F8 /* Persistence.swift */,
				A6BB318F294E0BAE008C29F8 /* SwiftToDo.xcdatamodeld */,
				A6BB318A294E0BAE008C29F8 /* Preview Content */,
			);
			path = SwiftToDo;
			sourceTree = "<group>";
		};
		A6BB318A294E0BAE008C29F8 /* Preview Content */ = {
			isa = PBXGroup;
			children = (
				A6BB318B294E0BAE008C29F8 /* Preview Assets.xcassets */,
			);
			path = "Preview Content";
			sourceTree = "<group>";
		};
		A6BB3199294E0BAF008C29F8 /* SwiftToDoTests */ = {
			isa = PBXGroup;
			children = (
				A6BB319A294E0BAF008C29F8 /* SwiftToDoTests.swift */,
			);
			path = SwiftToDoTests;
			sourceTree = "<group>";
		};
		A6BB31A3294E0BAF008C29F8 /* SwiftToDoUITests */ = {
			isa = PBXGroup;
			children = (
				A6BB31A4294E0BAF008C29F8 /* SwiftToDoUITests.swift */,
				A6BB31A6294E0BAF008C29F8 /* SwiftToDoUITestsLaunchTests.swift */,
			);
			path = SwiftToDoUITests;
			sourceTree = "<group>";
		};
/* End PBXGroup section */

/* Begin PBXNativeTarget section */
		A6BB3180294E0BAD008C29F8 /* SwiftToDo */ = {
			isa = PBXNativeTarget;
			buildConfigurationList = A6BB31AA294E0BAF008C29F8 /* Build configuration list for PBXNativeTarget "SwiftToDo" */;
			buildPhases = (
				A6BB317D294E0BAD008C29F8 /* Sources */,
				A6BB317E294E0BAD008C29F8 /* Frameworks */,
				A6BB317F294E0BAD008C29F8 /* Resources */,
			);
			buildRules = (
			);
			dependencies = (
			);
			name = SwiftToDo;
			productName = SwiftToDo;
			productReference = A6BB3181294E0BAD008C29F8 /* SwiftToDo.app */;
			productType = "com.apple.product-type.application";
		};
		A6BB3195294E0BAF008C29F8 /* SwiftToDoTests */ = {
			isa = PBXNativeTarget;
			buildConfigurationList = A6BB31AD294E0BAF008C29F8 /* Build configuration list for PBXNativeTarget "SwiftToDoTests" */;
			buildPhases = (
				A6BB3192294E0BAF008C29F8 /* Sources */,
				A6BB3193294E0BAF008C29F8 /* Frameworks */,
				A6BB3194294E0BAF008C29F8 /* Resources */,
			);
			buildRules = (
			);
			dependencies = (
				A6BB3198294E0BAF008C29F8 /* PBXTargetDependency */,
			);
			name = SwiftToDoTests;
			productName = SwiftToDoTests;
			productReference = A6BB3196294E0BAF008C29F8 /* SwiftToDoTests.xctest */;
			productType = "com.apple.product-type.bundle.unit-test";
		};
		A6BB319F294E0BAF008C29F8 /* SwiftToDoUITests */ = {
			isa = PBXNativeTarget;
			buildConfigurationList = A6BB31B0294E0BAF008C29F8 /* Build configuration list for PBXNativeTarget "SwiftToDoUITests" */;
			buildPhases = (
				A6BB319C294E0BAF008C29F8 /* Sources */,
				A6BB319D294E0BAF008C29F8 /* Frameworks */,
				A6BB319E294E0BAF008C29F8 /* Resources */,
			);
			buildRules = (
			);
			dependencies = (
				A6BB31A2294E0BAF008C29F8 /* PBXTargetDependency */,
			);
			name = SwiftToDoUITests;
			productName = SwiftToDoUITests;
			productReference = A6BB31A0294E0BAF008C29F8 /* SwiftToDoUITests.xctest */;
			productType = "com.apple.product-type.bundle.ui-testing";
		};
/* End PBXNativeTarget section */

/* Begin PBXProject section */
		A6BB3179294E0BAD008C29F8 /* Project object */ = {
			isa = PBXProject;
			attributes = {
				BuildIndependentTargetsInParallel = 1;
				LastSwiftUpdateCheck = 1400;
				LastUpgradeCheck = 1400;
				TargetAttributes = {
					A6BB3180294E0BAD008C29F8 = {
						CreatedOnToolsVersion = 14.0.1;
					};
					A6BB3195294E0BAF008C29F8 = {
						CreatedOnToolsVersion = 14.0.1;
						TestTargetID = A6BB3180294E0BAD008C29F8;
					};
					A6BB319F294E0BAF008C29F8 = {
						CreatedOnToolsVersion = 14.0.1;
						TestTargetID = A6BB3180294E0BAD008C29F8;
					};
				};
			};
			buildConfigurationList = A6BB317C294E0BAD008C29F8 /* Build configuration list for PBXProject "SwiftToDo" */;
			compatibilityVersion = "Xcode 14.0";
			developmentRegion = en;
			hasScannedForEncodings = 0;
			knownRegions = (
				en,
				Base,
			);
			mainGroup = A6BB3178294E0BAD008C29F8;
			productRefGroup = A6BB3182294E0BAD008C29F8 /* Products */;
			projectDirPath = "";
			projectRoot = "";
			targets = (
				A6BB3180294E0BAD008C29F8 /* SwiftToDo */,
				A6BB3195294E0BAF008C29F8 /* SwiftToDoTests */,
				A6BB319F294E0BAF008C29F8 /* SwiftToDoUITests */,
			);
		};
/* End PBXProject section */

/* Begin PBXResourcesBuildPhase section */
		A6BB317F294E0BAD008C29F8 /* Resources */ = {
			isa = PBXResourcesBuildPhase;
			buildActionMask = 2147483647;
			files = (
				A6BB318C294E0BAE008C29F8 /* Preview Assets.xcassets in Resources */,
				A6BB3189294E0BAE008C29F8 /* Assets.xcassets in Resources */,
			);
			runOnlyForDeploymentPostprocessing = 0;
		};
		A6BB3194294E0BAF008C29F8 /* Resources */ = {
			isa = PBXResourcesBuildPhase;
			buildActionMask = 2147483647;
			files = (
			);
			runOnlyForDeploymentPostprocessing = 0;
		};
		A6BB319E294E0BAF008C29F8 /* Resources */ = {
			isa = PBXResourcesBuildPhase;
			buildActionMask = 2147483647;
			files = (
			);
			runOnlyForDeploymentPostprocessing = 0;
		};
/* End PBXResourcesBuildPhase section */

/* Begin PBXSourcesBuildPhase section */
		A6BB317D294E0BAD008C29F8 /* Sources */ = {
			isa = PBXSourcesBuildPhase;
			buildActionMask = 2147483647;
			files = (
				A6BB318E294E0BAE008C29F8 /* Persistence.swift in Sources */,
				A6BB3191294E0BAE008C29F8 /* SwiftToDo.xcdatamodeld in Sources */,
				A6BB3187294E0BAD008C29F8 /* ContentView.swift in Sources */,
				A6BB3185294E0BAD008C29F8 /* SwiftToDoApp.swift in Sources */,
			);
			runOnlyForDeploymentPostprocessing = 0;
		};
		A6BB3192294E0BAF008C29F8 /* Sources */ = {
			isa = PBXSourcesBuildPhase;
			buildActionMask = 2147483647;
			files = (
				A6BB319B294E0BAF008C29F8 /* SwiftToDoTests.swift in Sources */,
			);
			runOnlyForDeploymentPostprocessing = 0;
		};
		A6BB319C294E0BAF008C29F8 /* Sources */ = {
			isa = PBXSourcesBuildPhase;
			buildActionMask = 2147483647;
			files = (
				A6BB31A7294E0BAF008C29F8 /* SwiftToDoUITestsLaunchTests.swift in Sources */,
				A6BB31A5294E0BAF008C29F8 /* SwiftToDoUITests.swift in Sources */,
			);
			runOnlyForDeploymentPostprocessing = 0;
		};
/* End PBXSourcesBuildPhase section */

/* Begin PBXTargetDependency section */
		A6BB3198294E0BAF008C29F8 /* PBXTargetDependency */ = {
			isa = PBXTargetDependency;
			target = A6BB3180294E0BAD008C29F8 /* SwiftToDo */;
			targetProxy = A6BB3197294E0BAF008C29F8 /* PBXContainerItemProxy */;
		};
		A6BB31A2294E0BAF008C29F8 /* PBXTargetDependency */ = {
			isa = PBXTargetDependency;
			target = A6BB3180294E0BAD008C29F8 /* SwiftToDo */;
			targetProxy = A6BB31A1294E0BAF008C29F8 /* PBXContainerItemProxy */;
		};
/* End PBXTargetDependency section */

/* Begin XCBuildConfiguration section */
		A6BB31A8294E0BAF008C29F8 /* Debug */ = {
			isa = XCBuildConfiguration;
			buildSettings = {
				ALWAYS_SEARCH_USER_PATHS = NO;
				CLANG_ANALYZER_NONNULL = YES;
				CLANG_ANALYZER_NUMBER_OBJECT_CONVERSION = YES_AGGRESSIVE;
				CLANG_CXX_LANGUAGE_STANDARD = "gnu++20";
				CLANG_ENABLE_MODULES = YES;
				CLANG_ENABLE_OBJC_ARC = YES;
				CLANG_ENABLE_OBJC_WEAK = YES;
				CLANG_WARN_BLOCK_CAPTURE_AUTORELEASING = YES;
				CLANG_WARN_BOOL_CONVERSION = YES;
				CLANG_WARN_COMMA = YES;
				CLANG_WARN_CONSTANT_CONVERSION = YES;
				CLANG_WARN_DEPRECATED_OBJC_IMPLEMENTATIONS = YES;
				CLANG_WARN_DIRECT_OBJC_ISA_USAGE = YES_ERROR;
				CLANG_WARN_DOCUMENTATION_COMMENTS = YES;
				CLANG_WARN_EMPTY_BODY = YES;
				CLANG_WARN_ENUM_CONVERSION = YES;
				CLANG_WARN_INFINITE_RECURSION = YES;
				CLANG_WARN_INT_CONVERSION = YES;
				CLANG_WARN_NON_LITERAL_NULL_CONVERSION = YES;
				CLANG_WARN_OBJC_IMPLICIT_RETAIN_SELF = YES;
				CLANG_WARN_OBJC_LITERAL_CONVERSION = YES;
				CLANG_WARN_OBJC_ROOT_CLASS = YES_ERROR;
				CLANG_WARN_QUOTED_INCLUDE_IN_FRAMEWORK_HEADER = YES;
				CLANG_WARN_RANGE_LOOP_ANALYSIS = YES;
				CLANG_WARN_STRICT_PROTOTYPES = YES;
				CLANG_WARN_SUSPICIOUS_MOVE = YES;
				CLANG_WARN_UNGUARDED_AVAILABILITY = YES_AGGRESSIVE;
				CLANG_WARN_UNREACHABLE_CODE = YES;
				CLANG_WARN__DUPLICATE_METHOD_MATCH = YES;
				COPY_PHASE_STRIP = NO;
				DEBUG_INFORMATION_FORMAT = dwarf;
				ENABLE_STRICT_OBJC_MSGSEND = YES;
				ENABLE_TESTABILITY = YES;
				GCC_C_LANGUAGE_STANDARD = gnu11;
				GCC_DYNAMIC_NO_PIC = NO;
				GCC_NO_COMMON_BLOCKS = YES;
				GCC_OPTIMIZATION_LEVEL = 0;
				GCC_PREPROCESSOR_DEFINITIONS = (
					"DEBUG=1",
					"$(inherited)",
				);
				GCC_WARN_64_TO_32_BIT_CONVERSION = YES;
				GCC_WARN_ABOUT_RETURN_TYPE = YES_ERROR;
				GCC_WARN_UNDECLARED_SELECTOR = YES;
				GCC_WARN_UNINITIALIZED_AUTOS = YES_AGGRESSIVE;
				GCC_WARN_UNUSED_FUNCTION = YES;
				GCC_WARN_UNUSED_VARIABLE = YES;
				IPHONEOS_DEPLOYMENT_TARGET = 16.0;
				MTL_ENABLE_DEBUG_INFO = INCLUDE_SOURCE;
				MTL_FAST_MATH = YES;
				ONLY_ACTIVE_ARCH = YES;
				SDKROOT = iphoneos;
				SWIFT_ACTIVE_COMPILATION_CONDITIONS = DEBUG;
				SWIFT_OPTIMIZATION_LEVEL = "-Onone";
			};
			name = Debug;
		};
		A6BB31A9294E0BAF008C29F8 /* Release */ = {
			isa = XCBuildConfiguration;
			buildSettings = {
				ALWAYS_SEARCH_USER_PATHS = NO;
				CLANG_ANALYZER_NONNULL = YES;
				CLANG_ANALYZER_NUMBER_OBJECT_CONVERSION = YES_AGGRESSIVE;
				CLANG_CXX_LANGUAGE_STANDARD = "gnu++20";
				CLANG_ENABLE_MODULES = YES;
				CLANG_ENABLE_OBJC_ARC = YES;
				CLANG_ENABLE_OBJC_WEAK = YES;
				CLANG_WARN_BLOCK_CAPTURE_AUTORELEASING = YES;
				CLANG_WARN_BOOL_CONVERSION = YES;
				CLANG_WARN_COMMA = YES;
				CLANG_WARN_CONSTANT_CONVERSION = YES;
				CLANG_WARN_DEPRECATED_OBJC_IMPLEMENTATIONS = YES;
				CLANG_WARN_DIRECT_OBJC_ISA_USAGE = YES_ERROR;
				CLANG_WARN_DOCUMENTATION_COMMENTS = YES;
				CLANG_WARN_EMPTY_BODY = YES;
				CLANG_WARN_ENUM_CONVERSION = YES;
				CLANG_WARN_INFINITE_RECURSION = YES;
				CLANG_WARN_INT_CONVERSION = YES;
				CLANG_WARN_NON_LITERAL_NULL_CONVERSION = YES;
				CLANG_WARN_OBJC_IMPLICIT_RETAIN_SELF = YES;
				CLANG_WARN_OBJC_LITERAL_CONVERSION = YES;
				CLANG_WARN_OBJC_ROOT_CLASS = YES_ERROR;
				CLANG_WARN_QUOTED_INCLUDE_IN_FRAMEWORK_HEADER = YES;
				CLANG_WARN_RANGE_LOOP_ANALYSIS = YES;
				CLANG_WARN_STRICT_PROTOTYPES = YES;
				CLANG_WARN_SUSPICIOUS_MOVE = YES;
				CLANG_WARN_UNGUARDED_AVAILABILITY = YES_AGGRESSIVE;
				CLANG_WARN_UNREACHABLE_CODE = YES;
				CLANG_WARN__DUPLICATE_METHOD_MATCH = YES;
				COPY_PHASE_STRIP = NO;
				DEBUG_INFORMATION_FORMAT = "dwarf-with-dsym";
				ENABLE_NS_ASSERTIONS = NO;
				ENABLE_STRICT_OBJC_MSGSEND = YES;
				GCC_C_LANGUAGE_STANDARD = gnu11;
				GCC_NO_COMMON_BLOCKS = YES;
				GCC_WARN_64_TO_32_BIT_CONVERSION = YES;
				GCC_WARN_ABOUT_RETURN_TYPE = YES_ERROR;
				GCC_WARN_UNDECLARED_SELECTOR = YES;
				GCC_WARN_UNINITIALIZED_AUTOS = YES_AGGRESSIVE;
				GCC_WARN_UNUSED_FUNCTION = YES;
				GCC_WARN_UNUSED_VARIABLE = YES;
				IPHONEOS_DEPLOYMENT_TARGET = 16.0;
				MTL_ENABLE_DEBUG_INFO = NO;
				MTL_FAST_MATH = YES;
				SDKROOT = iphoneos;
				SWIFT_COMPILATION_MODE = wholemodule;
				SWIFT_OPTIMIZATION_LEVEL = "-O";
				VALIDATE_PRODUCT = YES;
			};
			name = Release;
		};
		A6BB31AB294E0BAF008C29F8 /* Debug */ = {
			isa = XCBuildConfiguration;
			buildSettings = {
				ASSETCATALOG_COMPILER_APPICON_NAME = AppIcon;
				ASSETCATALOG_COMPILER_GLOBAL_ACCENT_COLOR_NAME = AccentColor;
				CODE_SIGN_STYLE = Automatic;
				CURRENT_PROJECT_VERSION = 1;
				DEVELOPMENT_ASSET_PATHS = "\"SwiftToDo/Preview Content\"";
				ENABLE_PREVIEWS = YES;
				GENERATE_INFOPLIST_FILE = YES;
				INFOPLIST_KEY_UIApplicationSceneManifest_Generation = YES;
				INFOPLIST_KEY_UIApplicationSupportsIndirectInputEvents = YES;
				INFOPLIST_KEY_UILaunchScreen_Generation = YES;
				INFOPLIST_KEY_UISupportedInterfaceOrientations_iPad = "UIInterfaceOrientationPortrait UIInterfaceOrientationPortraitUpsideDown UIInterfaceOrientationLandscapeLeft UIInterfaceOrientationLandscapeRight";
				INFOPLIST_KEY_UISupportedInterfaceOrientations_iPhone = "UIInterfaceOrientationPortrait UIInterfaceOrientationLandscapeLeft UIInterfaceOrientationLandscapeRight";
				LD_RUNPATH_SEARCH_PATHS = (
					"$(inherited)",
					"@executable_path/Frameworks",
				);
				MARKETING_VERSION = 1.0;
				PRODUCT_BUNDLE_IDENTIFIER = com.thingsenz.SwiftToDo;
				PRODUCT_NAME = "$(TARGET_NAME)";
				SWIFT_EMIT_LOC_STRINGS = YES;
				SWIFT_VERSION = 5.0;
				TARGETED_DEVICE_FAMILY = "1,2";
			};
			name = Debug;
		};
		A6BB31AC294E0BAF008C29F8 /* Release */ = {
			isa = XCBuildConfiguration;
			buildSettings = {
				ASSETCATALOG_COMPILER_APPICON_NAME = AppIcon;
				ASSETCATALOG_COMPILER_GLOBAL_ACCENT_COLOR_NAME = AccentColor;
				CODE_SIGN_STYLE = Automatic;
				CURRENT_PROJECT_VERSION = 1;
				DEVELOPMENT_ASSET_PATHS = "\"SwiftToDo/Preview Content\"";
				ENABLE_PREVIEWS = YES;
				GENERATE_INFOPLIST_FILE = YES;
				INFOPLIST_KEY_UIApplicationSceneManifest_Generation = YES;
				INFOPLIST_KEY_UIApplicationSupportsIndirectInputEvents = YES;
				INFOPLIST_KEY_UILaunchScreen_Generation = YES;
				INFOPLIST_KEY_UISupportedInterfaceOrientations_iPad = "UIInterfaceOrientationPortrait UIInterfaceOrientationPortraitUpsideDown UIInterfaceOrientationLandscapeLeft UIInterfaceOrientationLandscapeRight";
				INFOPLIST_KEY_UISupportedInterfaceOrientations_iPhone = "UIInterfaceOrientationPortrait UIInterfaceOrientationLandscapeLeft UIInterfaceOrientationLandscapeRight";
				LD_RUNPATH_SEARCH_PATHS = (
					"$(inherited)",
					"@executable_path/Frameworks",
				);
				MARKETING_VERSION = 1.0;
				PRODUCT_BUNDLE_IDENTIFIER = com.thingsenz.SwiftToDo;
				PRODUCT_NAME = "$(TARGET_NAME)";
				SWIFT_EMIT_LOC_STRINGS = YES;
				SWIFT_VERSION = 5.0;
				TARGETED_DEVICE_FAMILY = "1,2";
			};
			name = Release;
		};
		A6BB31AE294E0BAF008C29F8 /* Debug */ = {
			isa = XCBuildConfiguration;
			buildSettings = {
				ALWAYS_EMBED_SWIFT_STANDARD_LIBRARIES = YES;
				BUNDLE_LOADER = "$(TEST_HOST)";
				CODE_SIGN_STYLE = Automatic;
				CURRENT_PROJECT_VERSION = 1;
				GENERATE_INFOPLIST_FILE = YES;
				IPHONEOS_DEPLOYMENT_TARGET = 16.0;
				MARKETING_VERSION = 1.0;
				PRODUCT_BUNDLE_IDENTIFIER = com.thingsenz.SwiftToDoTests;
				PRODUCT_NAME = "$(TARGET_NAME)";
				SWIFT_EMIT_LOC_STRINGS = NO;
				SWIFT_VERSION = 5.0;
				TARGETED_DEVICE_FAMILY = "1,2";
				TEST_HOST = "$(BUILT_PRODUCTS_DIR)/SwiftToDo.app/$(BUNDLE_EXECUTABLE_FOLDER_PATH)/SwiftToDo";
			};
			name = Debug;
		};
		A6BB31AF294E0BAF008C29F8 /* Release */ = {
			isa = XCBuildConfiguration;
			buildSettings = {
				ALWAYS_EMBED_SWIFT_STANDARD_LIBRARIES = YES;
				BUNDLE_LOADER = "$(TEST_HOST)";
				CODE_SIGN_STYLE = Automatic;
				CURRENT_PROJECT_VERSION = 1;
				GENERATE_INFOPLIST_FILE = YES;
				IPHONEOS_DEPLOYMENT_TARGET = 16.0;
				MARKETING_VERSION = 1.0;
				PRODUCT_BUNDLE_IDENTIFIER = com.thingsenz.SwiftToDoTests;
				PRODUCT_NAME = "$(TARGET_NAME)";
				SWIFT_EMIT_LOC_STRINGS = NO;
				SWIFT_VERSION = 5.0;
				TARGETED_DEVICE_FAMILY = "1,2";
				TEST_HOST = "$(BUILT_PRODUCTS_DIR)/SwiftToDo.app/$(BUNDLE_EXECUTABLE_FOLDER_PATH)/SwiftToDo";
			};
			name = Release;
		};
		A6BB31B1294E0BAF008C29F8 /* Debug */ = {
			isa = XCBuildConfiguration;
			buildSettings = {
				ALWAYS_EMBED_SWIFT_STANDARD_LIBRARIES = YES;
				CODE_SIGN_STYLE = Automatic;
				CURRENT_PROJECT_VERSION = 1;
				GENERATE_INFOPLIST_FILE = YES;
				MARKETING_VERSION = 1.0;
				PRODUCT_BUNDLE_IDENTIFIER = com.thingsenz.SwiftToDoUITests;
				PRODUCT_NAME = "$(TARGET_NAME)";
				SWIFT_EMIT_LOC_STRINGS = NO;
				SWIFT_VERSION = 5.0;
				TARGETED_DEVICE_FAMILY = "1,2";
				TEST_TARGET_NAME = SwiftToDo;
			};
			name = Debug;
		};
		A6BB31B2294E0BAF008C29F8 /* Release */ = {
			isa = XCBuildConfiguration;
			buildSettings = {
				ALWAYS_EMBED_SWIFT_STANDARD_LIBRARIES = YES;
				CODE_SIGN_STYLE = Automatic;
				CURRENT_PROJECT_VERSION = 1;
				GENERATE_INFOPLIST_FILE = YES;
				MARKETING_VERSION = 1.0;
				PRODUCT_BUNDLE_IDENTIFIER = com.thingsenz.SwiftToDoUITests;
				PRODUCT_NAME = "$(TARGET_NAME)";
				SWIFT_EMIT_LOC_STRINGS = NO;
				SWIFT_VERSION = 5.0;
				TARGETED_DEVICE_FAMILY = "1,2";
				TEST_TARGET_NAME = SwiftToDo;
			};
			name = Release;
		};
/* End XCBuildConfiguration section */

/* Begin XCConfigurationList section */
		A6BB317C294E0BAD008C29F8 /* Build configuration list for PBXProject "SwiftToDo" */ = {
			isa = XCConfigurationList;
			buildConfigurations = (
				A6BB31A8294E0BAF008C29F8 /* Debug */,
				A6BB31A9294E0BAF008C29F8 /* Release */,
			);
			defaultConfigurationIsVisible = 0;
			defaultConfigurationName = Release;
		};
		A6BB31AA294E0BAF008C29F8 /* Build configuration list for PBXNativeTarget "SwiftToDo" */ = {
			isa = XCConfigurationList;
			buildConfigurations = (
				A6BB31AB294E0BAF008C29F8 /* Debug */,
				A6BB31AC294E0BAF008C29F8 /* Release */,
			);
			defaultConfigurationIsVisible = 0;
			defaultConfigurationName = Release;
		};
		A6BB31AD294E0BAF008C29F8 /* Build configuration list for PBXNativeTarget "SwiftToDoTests" */ = {
			isa = XCConfigurationList;
			buildConfigurations = (
				A6BB31AE294E0BAF008C29F8 /* Debug */,
				A6BB31AF294E0BAF008C29F8 /* Release */,
			);
			defaultConfigurationIsVisible = 0;
			defaultConfigurationName = Release;
		};
		A6BB31B0294E0BAF008C29F8 /* Build configuration list for PBXNativeTarget "SwiftToDoUITests" */ = {
			isa = XCConfigurationList;
			buildConfigurations = (
				A6BB31B1294E0BAF008C29F8 /* Debug */,
				A6BB31B2294E0BAF008C29F8 /* Release */,
			);
			defaultConfigurationIsVisible = 0;
			defaultConfigurationName = Release;
		};
/* End XCConfigurationList section */

/* Begin XCVersionGroup section */
		A6BB318F294E0BAE008C29F8 /* SwiftToDo.xcdatamodeld */ = {
			isa = XCVersionGroup;
			children = (
				A6BB3190294E0BAE008C29F8 /* SwiftToDo.xcdatamodel */,
			);
			currentVersion = A6BB3190294E0BAE008C29F8 /* SwiftToDo.xcdatamodel */;
			path = SwiftToDo.xcdatamodeld;
			sourceTree = "<group>";
			versionGroupType = wrapper.xcdatamodel;
		};
/* End XCVersionGroup section */
	};
	rootObject = A6BB3179294E0BAD008C29F8 /* Project object */;
}
